#MicroXplorer Configuration settings - do not modify
File.Version=6
KeepUserPlacement=false
Mcu.CPN=STM32F072C8U6
Mcu.Family=STM32F0
Mcu.Name=STM32F072C(8-B)Ux
Mcu.UserName=STM32F072C8Ux
Mcu.Package=UFQFPN48
Mcu.IP0=ADC
Mcu.IP1=CAN
Mcu.IP2=DAC
Mcu.IP3=DMA
Mcu.IP4=IWDG
Mcu.IP5=NVIC
Mcu.IP6=RCC
Mcu.IP7=SYS
Mcu.IP8=TIM3
Mcu.IP9=TIM14
Mcu.IP10=TIM15
Mcu.IP11=TIM16
Mcu.IP12=USART1
Mcu.IP13=USART3
Mcu.IPNb=14
Mcu.Pin0=PF0-OSC_IN
Mcu.Pin1=PF1-OSC_OUT
Mcu.Pin2=PA1
Mcu.Pin3=PA3
Mcu.Pin4=PA4
Mcu.Pin5=PA5
Mcu.Pin6=PB6
Mcu.Pin7=PB7
Mcu.Pin8=PB8
Mcu.Pin9=PB9
Mcu.Pin10=PB10
Mcu.Pin11=PB11
Mcu.Pin12=PA13
Mcu.Pin13=PA14
Mcu.Pin14=VP_SYS_VS_Systick
Mcu.Pin15=VP_TIM3_VS_ClockSourceINT
Mcu.Pin16=VP_TIM14_VS_ClockSourceINT
Mcu.Pin17=VP_TIM14_VS_no_output1
Mcu.Pin18=VP_TIM15_VS_ClockSourceINT
Mcu.Pin19=VP_TIM15_VS_no_output1
Mcu.Pin20=VP_TIM16_VS_ClockSourceINT
Mcu.Pin21=VP_TIM16_VS_no_output1
Mcu.Pin22=VP_IWDG_VS_IWDG
Mcu.PinsNb=23
MxCube.Version=6.17.0
MxDb.Version=DB.6.0.170
ADC.ClockPrescaler=ADC_CLOCK_SYNC_PCLK_DIV4
ADC.Resolution=ADC_RESOLUTION_12B
ADC.DataAlign=ADC_DATAALIGN_RIGHT
ADC.ScanConvMode=ADC_SCAN_DIRECTION_FORWARD
ADC.ContinuousConvMode=DISABLE
ADC.DiscontinuousConvMode=DISABLE
ADC.DMAContinuousRequests=ENABLE
ADC.ExternalTrigConv=ADC_EXTERNALTRIGCONV_T3_TRGO
ADC.ExternalTrigConvEdge=ADC_EXTERNALTRIGCONVEDGE_RISING
ADC.SamplingTime=ADC_SAMPLETIME_239CYCLES_5
ADC.Overrun=ADC_OVR_DATA_PRESERVED
ADC.IPParameters=ClockPrescaler,Resolution,DataAlign,ScanConvMode,ContinuousConvMode,DiscontinuousConvMode,DMAContinuousRequests,ExternalTrigConv,ExternalTrigConvEdge,SamplingTime,Overrun
CAN.BS1=CAN_BS1_13TQ
CAN.BS2=CAN_BS2_2TQ
CAN.Prescaler=6
CAN.Mode=CAN_MODE_NORMAL
CAN.NART=DISABLE
CAN.ABOM=ENABLE
CAN.CalculateBaudRate=500000
CAN.CalculateTimeQuantum=125.0
CAN.CalculateTimeBit=2000
CAN.IPParameters=BS1,BS2,Prescaler,Mode,NART,ABOM,CalculateBaudRate,CalculateTimeQuantum,CalculateTimeBit
Dma.Request0=ADC
Dma.Request1=USART3_TX
Dma.RequestsNb=2
Dma.ADC.0.Instance=DMA1_Channel1
Dma.ADC.0.Direction=DMA_PERIPH_TO_MEMORY
Dma.ADC.0.PeriphInc=DMA_PINC_DISABLE
Dma.ADC.0.MemInc=DMA_MINC_ENABLE
Dma.ADC.0.PeriphDataAlignment=DMA_PDATAALIGN_HALFWORD
Dma.ADC.0.MemDataAlignment=DMA_MDATAALIGN_HALFWORD
Dma.ADC.0.Mode=DMA_CIRCULAR
Dma.ADC.0.Priority=DMA_PRIORITY_HIGH
Dma.ADC.0.RequestParameters=Instance,Direction,PeriphInc,MemInc,PeriphDataAlignment,MemDataAlignment,Mode,Priority
Dma.USART3_TX.1.Instance=DMA1_Channel2
Dma.USART3_TX.1.Direction=DMA_MEMORY_TO_PERIPH
Dma.USART3_TX.1.PeriphInc=DMA_PINC_DISABLE
Dma.USART3_TX.1.MemInc=DMA_MINC_ENABLE
Dma.USART3_TX.1.PeriphDataAlignment=DMA_PDATAALIGN_BYTE
Dma.USART3_TX.1.MemDataAlignment=DMA_MDATAALIGN_BYTE
Dma.USART3_TX.1.Mode=DMA_NORMAL
Dma.USART3_TX.1.Priority=DMA_PRIORITY_HIGH
Dma.USART3_TX.1.RequestParameters=Instance,Direction,PeriphInc,MemInc,PeriphDataAlignment,MemDataAlignment,Mode,Priority
NVIC.CEC_CAN_IRQn=true\:2\:0\:false\:false\:true\:true\:true\:true
NVIC.DMA1_Channel1_IRQn=true\:0\:0\:false\:false\:true\:false\:true\:true
NVIC.DMA1_Channel2_3_IRQn=true\:0\:0\:false\:false\:true\:false\:true\:true
NVIC.ADC1_COMP_IRQn=true\:0\:0\:false\:false\:true\:true\:true\:true
NVIC.TIM14_IRQn=true\:3\:0\:false\:false\:true\:true\:true\:true
NVIC.TIM15_IRQn=true\:3\:0\:false\:false\:true\:true\:true\:true
NVIC.SysTick_IRQn=true\:3\:0\:false\:false\:true\:false\:true\:false
NVIC.ForceEnableDMAVector=true
PA1.GPIOParameters=GPIO_Label
PA1.GPIO_Label=IR_ET1
PA1.Signal=ADC_IN1
PA1.Locked=true
PA3.GPIOParameters=GPIO_Label
PA3.GPIO_Label=IR_ET2
PA3.Signal=ADC_IN3
PA3.Locked=true
PA4.GPIOParameters=GPIO_Label
PA4.GPIO_Label=IR_ANODE1
PA4.Signal=COMP_DAC1_group
PA4.Locked=true
PA5.GPIOParameters=GPIO_Label
PA5.GPIO_Label=IR_ANODE2
PA5.Signal=COMP_DAC2_group
PA5.Locked=true
SH.COMP_DAC1_group.0=DAC_OUT1,DAC_OUT1
SH.COMP_DAC1_group.ConfNb=1
SH.COMP_DAC2_group.0=DAC_OUT2,DAC_OUT2
SH.COMP_DAC2_group.ConfNb=1
PA13.Mode=Serial_Wire
PA13.Signal=SYS_SWDIO
PA14.Mode=Serial_Wire
PA14.Signal=SYS_SWCLK
PB6.GPIOParameters=GPIO_Label
PB6.GPIO_Label=RGB_UART1_TX
PB6.Mode=Asynchronous
PB6.Signal=USART1_TX
PB7.GPIOParameters=GPIO_Label
PB7.GPIO_Label=RGB_UART1_RX
PB7.Mode=Asynchronous
PB7.Signal=USART1_RX
PB8.Mode=CAN_Activate
PB8.Signal=CAN_RX
PB9.Mode=CAN_Activate
PB9.Signal=CAN_TX
PB10.GPIOParameters=GPIO_Label
PB10.GPIO_Label=RGB_UART3_TX
PB10.Mode=Asynchronous
PB10.Signal=USART3_TX
PB11.Mode=Asynchronous
PB11.Signal=USART3_RX
PF0-OSC_IN.Mode=HSE-External-Oscillator
PF0-OSC_IN.Signal=RCC_OSC_IN
PF1-OSC_OUT.Mode=HSE-External-Oscillator
PF1-OSC_OUT.Signal=RCC_OSC_OUT
RCC.HSE_VALUE=12000000
RCC.PLLMUL=RCC_PLL_MUL4
RCC.PLLSourceVirtual=RCC_PLLSOURCE_HSE
RCC.SYSCLKSource=RCC_SYSCLKSOURCE_PLLCLK
RCC.SYSCLKFreq_VALUE=48000000
RCC.APB1Freq_Value=48000000
RCC.APB1TimFreq_Value=48000000
RCC.HCLKFreq_Value=48000000
RCC.EnbaleCSS=true
RCC.IPParameters=HSE_VALUE,PLLMUL,PLLSourceVirtual,SYSCLKSource,SYSCLKFreq_VALUE,APB1Freq_Value,APB1TimFreq_Value,HCLKFreq_Value,EnbaleCSS
TIM3.Prescaler=0
TIM3.Period=2399
TIM3.MasterOutputTrigger=TIM_TRGO_UPDATE
TIM3.IPParameters=Prescaler,Period,MasterOutputTrigger
TIM14.Channel=TIM_CHANNEL_1
TIM14.Prescaler=4800-1
TIM14.Period=1000-1
TIM14.IPParameters=Channel,Prescaler,Period
TIM15.Channel-PWM\ Generation1\ No\ Output=TIM_CHANNEL_1
TIM15.Prescaler=4800-1
TIM15.Period=1000-1
TIM15.IPParameters=Channel-PWM Generation1 No Output,Prescaler,Period
TIM16.Channel=TIM_CHANNEL_1
TIM16.Prescaler=2400-1
TIM16.IPParameters=Channel,Prescaler
USART1.BaudRate=115200
USART1.VirtualMode-Asynchronous=VM_ASYNC
USART1.IPParameters=BaudRate,VirtualMode-Asynchronous
USART3.BaudRate=4000000
USART3.TxPinLevelInvertParam=ADVFEATURE_TXINV_ENABLE
USART3.VirtualMode-Asynchronous=VM_ASYNC
USART3.OverSampling=8
USART3.IPParameters=BaudRate,OverSampling,TxPinLevelInvertParam,VirtualMode-Asynchronous
IWDG.Prescaler=IWDG_PRESCALER_64
IWDG.Reload=1000
IWDG.IPParameters=Prescaler,Reload
VP_SYS_VS_Systick.Mode=SysTick
VP_SYS_VS_Systick.Signal=SYS_VS_Systick
VP_TIM3_VS_ClockSourceINT.Mode=Internal
VP_TIM3_VS_ClockSourceINT.Signal=TIM3_VS_ClockSourceINT
VP_TIM14_VS_ClockSourceINT.Mode=Enable_Timer
VP_TIM14_VS_ClockSourceINT.Signal=TIM14_VS_ClockSourceINT
VP_TIM14_VS_no_output1.Mode=PWM Generation1 No Output
VP_TIM14_VS_no_output1.Signal=TIM14_VS_no_output1
VP_TIM15_VS_ClockSourceINT.Mode=Internal
VP_TIM15_VS_ClockSourceINT.Signal=TIM15_VS_ClockSourceINT
VP_TIM15_VS_no_output1.Mode=PWM Generation1 No Output
VP_TIM15_VS_no_output1.Signal=TIM15_VS_no_output1
VP_TIM16_VS_ClockSourceINT.Mode=Enable_Timer
VP_TIM16_VS_ClockSourceINT.Signal=TIM16_VS_ClockSourceINT
VP_TIM16_VS_no_output1.Mode=PWM Generation1 No Output
VP_TIM16_VS_no_output1.Signal=TIM16_VS_no_output1
VP_IWDG_VS_IWDG.Mode=IWDG_Activate
VP_IWDG_VS_IWDG.Signal=IWDG_VS_IWDG
ProjectManager.ProjectName=SHOOT_cmzy_REV081
ProjectManager.ProjectFileName=SHOOT_cmzy_REV081.ioc
ProjectManager.DeviceId=STM32F072C8Ux
ProjectManager.FirmwarePackage=STM32Cube FW_F0 V1.11.6
ProjectManager.TargetToolchain=MDK-ARM V5.32
ProjectManager.KeepUserCode=true
ProjectManager.DeletePrevious=false
ProjectManager.MainLocation=Core/Src
ProjectManager.HeapSize=0x200
ProjectManager.StackSize=0x400
board=custom
